
Microsoft Visual Studio Solution File, Format Version 12.00
# Visual Studio Version 16
VisualStudioVersion = 25.0.1700.0
MinimumVisualStudioVersion = 10.0.40219.1
Project("{FAE04EC0-301F-11D3-BF4B-00C04F79EFBC}") = "DijkstraShortestPath", "DijkstraShortestPath\DijkstraShortestPath.csproj", "{E48ED652-9D81-49E4-9420-71BE537E43BF}"
EndProject
Project("{FAE04EC0-301F-11D3-BF4B-00C04F79EFBC}") = "DijkstraShortestPath.Tests", "DijkstraShortestPath.Tests\DijkstraShortestPath.Tests.csproj", "{F92A93DC-C0AB-410F-955A-909D95AAE874}"
EndProject
Global
	GlobalSection(SolutionConfigurationPlatforms) = preSolution
		Debug|Any CPU = Debug|Any CPU
		Release|Any CPU = Release|Any CPU
	EndGlobalSection
	GlobalSection(ProjectConfigurationPlatforms) = postSolution
		{E48ED652-9D81-49E4-9420-71BE537E43BF}.Debug|Any CPU.ActiveCfg = Debug|Any CPU
		{E48ED652-9D81-49E4-9420-71BE537E43BF}.Debug|Any CPU.Build.0 = Debug|Any CPU
		{E48ED652-9D81-49E4-9420-71BE537E43BF}.Release|Any CPU.ActiveCfg = Release|Any CPU
		{E48ED652-9D81-49E4-9420-71BE537E43BF}.Release|Any CPU.Build.0 = Release|Any CPU
		{F92A93DC-C0AB-410F-955A-909D95AAE874}.Debug|Any CPU.ActiveCfg = Debug|Any CPU
		{F92A93DC-C0AB-410F-955A-909D95AAE874}.Debug|Any CPU.Build.0 = Debug|Any CPU
		{F92A93DC-C0AB-410F-955A-909D95AAE874}.Release|Any CPU.ActiveCfg = Release|Any CPU
		{F92A93DC-C0AB-410F-955A-909D95AAE874}.Release|Any CPU.Build.0 = Release|Any CPU
	EndGlobalSection
	GlobalSection(SolutionProperties) = preSolution
		HideSolutionNode = FALSE
	EndGlobalSection
	GlobalSection(ExtensibilityGlobals) = postSolution
		SolutionGuid = {F844A109-C223-4FDE-85BD-9B22E3E7E3B3}
	EndGlobalSection
EndGlobal
